<?xml version="1.0" encoding="utf-8"?>
<Project ToolsVersion="4.0" xmlns="http://schemas.microsoft.com/developer/msbuild/2003">
  <ItemGroup>
    <Filter Include="Source Files">
      <UniqueIdentifier>{4FC737F1-C7A5-4376-A066-2A32D752A2FF}</UniqueIdentifier>
      <Extensions>cpp;c;cc;cxx;c++;cppm;ixx;def;odl;idl;hpj;bat;asm;asmx</Extensions>
    </Filter>
    <Filter Include="Header Files">
      <UniqueIdentifier>{93995380-89BD-4b04-88EB-625FBE52EBFB}</UniqueIdentifier>
      <Extensions>h;hh;hpp;hxx;h++;hm;inl;inc;ipp;xsd</Extensions>
    </Filter>
    <Filter Include="Resource Files">
      <UniqueIdentifier>{67DA6AB6-F800-4c08-8B7A-83BB121AAD01}</UniqueIdentifier>
      <Extensions>rc;ico;cur;bmp;dlg;rc2;rct;bin;rgs;gif;jpg;jpeg;jpe;resx;tiff;tif;png;wav;mfcribbon-ms</Extensions>
    </Filter>
    <Filter Include="Header Files\ChapterTwo">
      <UniqueIdentifier>{9ff4d9f2-540b-4932-b589-a913aba35d5d}</UniqueIdentifier>
    </Filter>
    <Filter Include="Header Files\ChapterOne">
      <UniqueIdentifier>{90f2157b-0011-4360-9841-a7e6e3b1cbea}</UniqueIdentifier>
    </Filter>
    <Filter Include="Source Files\ChapterOne">
      <UniqueIdentifier>{f5c60824-2381-479d-b551-2bf046f4e637}</UniqueIdentifier>
    </Filter>
    <Filter Include="Source Files\ChapterTwo">
      <UniqueIdentifier>{c280497b-8bcc-429d-9292-f21f11d84985}</UniqueIdentifier>
    </Filter>
    <Filter Include="Source Files\_Tests">
      <UniqueIdentifier>{09e04b1f-db85-40b7-87cf-46a8c5c8e13b}</UniqueIdentifier>
    </Filter>
    <Filter Include="Header Files\ChapterThree">
      <UniqueIdentifier>{b3559316-1e60-4a82-8409-b282b6c02848}</UniqueIdentifier>
    </Filter>
    <Filter Include="Source Files\ChapterThree">
      <UniqueIdentifier>{19578cea-2cd2-4d54-9a0e-80480b6e8552}</UniqueIdentifier>
    </Filter>
  </ItemGroup>
  <ItemGroup>
    <ClCompile Include="main.cpp">
      <Filter>Source Files</Filter>
    </ClCompile>
    <ClCompile Include="StringRotation.cpp">
      <Filter>Source Files\ChapterOne</Filter>
    </ClCompile>
    <ClCompile Include="ChapterOne.cpp">
      <Filter>Source Files\ChapterOne</Filter>
    </ClCompile>
    <ClCompile Include="IsPermutation.cpp">
      <Filter>Source Files\ChapterOne</Filter>
    </ClCompile>
    <ClCompile Include="IsUnique.cpp">
      <Filter>Source Files\ChapterOne</Filter>
    </ClCompile>
    <ClCompile Include="Matrix.cpp">
      <Filter>Source Files\ChapterOne</Filter>
    </ClCompile>
    <ClCompile Include="OneAway.cpp">
      <Filter>Source Files\ChapterOne</Filter>
    </ClCompile>
    <ClCompile Include="PalindromePermutation.cpp">
      <Filter>Source Files\ChapterOne</Filter>
    </ClCompile>
    <ClCompile Include="StringCompression.cpp">
      <Filter>Source Files\ChapterOne</Filter>
    </ClCompile>
    <ClCompile Include="URLify.cpp">
      <Filter>Source Files\ChapterOne</Filter>
    </ClCompile>
    <ClCompile Include="ChapterTwo.cpp">
      <Filter>Source Files\ChapterTwo</Filter>
    </ClCompile>
    <ClCompile Include="LinkedList.cpp">
      <Filter>Source Files\ChapterTwo</Filter>
    </ClCompile>
    <ClCompile Include="Node.cpp">
      <Filter>Source Files\ChapterTwo</Filter>
    </ClCompile>
    <ClCompile Include="LinkedListTests.cpp">
      <Filter>Source Files\_Tests</Filter>
    </ClCompile>
    <ClCompile Include="StackNode.cpp">
      <Filter>Source Files\ChapterThree</Filter>
    </ClCompile>
    <ClCompile Include="MyStack.cpp">
      <Filter>Source Files\ChapterThree</Filter>
    </ClCompile>
    <ClCompile Include="MinStackNode.cpp">
      <Filter>Source Files\ChapterThree</Filter>
    </ClCompile>
  </ItemGroup>
  <ItemGroup>
    <ClInclude Include="ChapterOne.h">
      <Filter>Header Files\ChapterOne</Filter>
    </ClInclude>
    <ClInclude Include="IsPermutation.h">
      <Filter>Header Files\ChapterOne</Filter>
    </ClInclude>
    <ClInclude Include="IsUnique.h">
      <Filter>Header Files\ChapterOne</Filter>
    </ClInclude>
    <ClInclude Include="Matrix.h">
      <Filter>Header Files\ChapterOne</Filter>
    </ClInclude>
    <ClInclude Include="OneAway.h">
      <Filter>Header Files\ChapterOne</Filter>
    </ClInclude>
    <ClInclude Include="PalindromePermutation.h">
      <Filter>Header Files\ChapterOne</Filter>
    </ClInclude>
    <ClInclude Include="StringCompression.h">
      <Filter>Header Files\ChapterOne</Filter>
    </ClInclude>
    <ClInclude Include="StringRotation.h">
      <Filter>Header Files\ChapterOne</Filter>
    </ClInclude>
    <ClInclude Include="URLify.h">
      <Filter>Header Files\ChapterOne</Filter>
    </ClInclude>
    <ClInclude Include="ChapterTwo.h">
      <Filter>Header Files\ChapterTwo</Filter>
    </ClInclude>
    <ClInclude Include="LinkedList.h">
      <Filter>Header Files\ChapterTwo</Filter>
    </ClInclude>
    <ClInclude Include="Node.h">
      <Filter>Header Files\ChapterTwo</Filter>
    </ClInclude>
    <ClInclude Include="StackNode.h">
      <Filter>Header Files\ChapterThree</Filter>
    </ClInclude>
    <ClInclude Include="MyStack.h">
      <Filter>Header Files\ChapterThree</Filter>
    </ClInclude>
    <ClInclude Include="MinStackNode.h">
      <Filter>Header Files\ChapterThree</Filter>
    </ClInclude>
  </ItemGroup>
</Project>